// !$*UTF8*$!
{
	archiveVersion = 1;
	classes = {
	};
	objectVersion = 50;
	objects = {

/* Begin PBXBuildFile section */
		182784512127A28C00C5A150 /* AppDelegate.swift in Sources */ = {isa = PBXBuildFile; fileRef = 182784502127A28C00C5A150 /* AppDelegate.swift */; };
		182784562127A28C00C5A150 /* Main.storyboard in Resources */ = {isa = PBXBuildFile; fileRef = 182784542127A28C00C5A150 /* Main.storyboard */; };
		182784582127A28E00C5A150 /* Assets.xcassets in Resources */ = {isa = PBXBuildFile; fileRef = 182784572127A28E00C5A150 /* Assets.xcassets */; };
		1827845B2127A28E00C5A150 /* LaunchScreen.storyboard in Resources */ = {isa = PBXBuildFile; fileRef = 182784592127A28E00C5A150 /* LaunchScreen.storyboard */; };
		182784662127A28F00C5A150 /* google_Tests.swift in Sources */ = {isa = PBXBuildFile; fileRef = 182784652127A28F00C5A150 /* google_Tests.swift */; };
		182784712127A28F00C5A150 /* google_UITests.swift in Sources */ = {isa = PBXBuildFile; fileRef = 182784702127A28F00C5A150 /* google_UITests.swift */; };
		1827847F2127ABE300C5A150 /* TopViewController.swift in Sources */ = {isa = PBXBuildFile; fileRef = 1827847E2127ABE300C5A150 /* TopViewController.swift */; };
		182784812127AC3D00C5A150 /* WebViewController.swift in Sources */ = {isa = PBXBuildFile; fileRef = 182784802127AC3D00C5A150 /* WebViewController.swift */; };
		182784852127AE6000C5A150 /* searchField.xib in Resources */ = {isa = PBXBuildFile; fileRef = 182784842127AE6000C5A150 /* searchField.xib */; };
		182784872127AE7700C5A150 /* SearchField.swift in Sources */ = {isa = PBXBuildFile; fileRef = 182784862127AE7700C5A150 /* SearchField.swift */; };
		182784D72127C48600C5A150 /* FooterView.xib in Resources */ = {isa = PBXBuildFile; fileRef = 182784D62127C48600C5A150 /* FooterView.xib */; };
		182784D92127C49500C5A150 /* FooterView.swift in Sources */ = {isa = PBXBuildFile; fileRef = 182784D82127C49400C5A150 /* FooterView.swift */; };
		18632DFD2127ECA500C71EC0 /* Action 1.png in Resources */ = {isa = PBXBuildFile; fileRef = 18632DF92127ECA500C71EC0 /* Action 1.png */; };
		18632DFE2127ECA500C71EC0 /* Action 3-1@3xのコピー.png in Resources */ = {isa = PBXBuildFile; fileRef = 18632DFA2127ECA500C71EC0 /* Action 3-1@3xのコピー.png */; };
		18632DFF2127ECA500C71EC0 /* forwardchevron.png in Resources */ = {isa = PBXBuildFile; fileRef = 18632DFB2127ECA500C71EC0 /* forwardchevron.png */; };
		18632E002127ECA500C71EC0 /* backchevron.png in Resources */ = {isa = PBXBuildFile; fileRef = 18632DFC2127ECA500C71EC0 /* backchevron.png */; };
		18632E022127EF3800C71EC0 /* google?.png in Resources */ = {isa = PBXBuildFile; fileRef = 18632E012127EF3800C71EC0 /* google?.png */; };
		18632E042127EFEE00C71EC0 /* a3.png in Resources */ = {isa = PBXBuildFile; fileRef = 18632E032127EFEE00C71EC0 /* a3.png */; };
		18632E062127F0EF00C71EC0 /* Right Accessory.png in Resources */ = {isa = PBXBuildFile; fileRef = 18632E052127F0EE00C71EC0 /* Right Accessory.png */; };
		18632E082127F1C800C71EC0 /* icon-navigation-search-grey.png in Resources */ = {isa = PBXBuildFile; fileRef = 18632E072127F1C800C71EC0 /* icon-navigation-search-grey.png */; };
		4B0C0E6E9B1EAD3ECB646797 /* Pods_google_UITests.framework in Frameworks */ = {isa = PBXBuildFile; fileRef = 87E8F38E7CB331EB772E4F96 /* Pods_google_UITests.framework */; };
		76C5952711ECE793BD194113 /* Pods_google_Tests.framework in Frameworks */ = {isa = PBXBuildFile; fileRef = D862D1D52623A92FEFF7A6CE /* Pods_google_Tests.framework */; };
		D2C39192A83A28E95469D239 /* Pods_google_.framework in Frameworks */ = {isa = PBXBuildFile; fileRef = 7C1220A312084CE4B528DDA6 /* Pods_google_.framework */; };
/* End PBXBuildFile section */

/* Begin PBXContainerItemProxy section */
		182784622127A28F00C5A150 /* PBXContainerItemProxy */ = {
			isa = PBXContainerItemProxy;
			containerPortal = 182784452127A28C00C5A150 /* Project object */;
			proxyType = 1;
			remoteGlobalIDString = 1827844C2127A28C00C5A150;
			remoteInfo = "google?";
		};
		1827846D2127A28F00C5A150 /* PBXContainerItemProxy */ = {
			isa = PBXContainerItemProxy;
			containerPortal = 182784452127A28C00C5A150 /* Project object */;
			proxyType = 1;
			remoteGlobalIDString = 1827844C2127A28C00C5A150;
			remoteInfo = "google?";
		};
/* End PBXContainerItemProxy section */

/* Begin PBXCopyFilesBuildPhase section */
		182784D32127BC8300C5A150 /* Embed Frameworks */ = {
			isa = PBXCopyFilesBuildPhase;
			buildActionMask = 2147483647;
			dstPath = "";
			dstSubfolderSpec = 10;
			files = (
			);
			name = "Embed Frameworks";
			runOnlyForDeploymentPostprocessing = 0;
		};
/* End PBXCopyFilesBuildPhase section */

/* Begin PBXFileReference section */
		08C3C9D937B4653B0A80640B /* Pods-google?UITests.release.xcconfig */ = {isa = PBXFileReference; includeInIndex = 1; lastKnownFileType = text.xcconfig; name = "Pods-google?UITests.release.xcconfig"; path = "Pods/Target Support Files/Pods-google?UITests/Pods-google?UITests.release.xcconfig"; sourceTree = "<group>"; };
		1827844D2127A28C00C5A150 /* google?.app */ = {isa = PBXFileReference; explicitFileType = wrapper.application; includeInIndex = 0; path = "google?.app"; sourceTree = BUILT_PRODUCTS_DIR; };
		182784502127A28C00C5A150 /* AppDelegate.swift */ = {isa = PBXFileReference; lastKnownFileType = sourcecode.swift; path = AppDelegate.swift; sourceTree = "<group>"; };
		182784552127A28C00C5A150 /* Base */ = {isa = PBXFileReference; lastKnownFileType = file.storyboard; name = Base; path = Base.lproj/Main.storyboard; sourceTree = "<group>"; };
		182784572127A28E00C5A150 /* Assets.xcassets */ = {isa = PBXFileReference; lastKnownFileType = folder.assetcatalog; path = Assets.xcassets; sourceTree = "<group>"; };
		1827845A2127A28E00C5A150 /* Base */ = {isa = PBXFileReference; lastKnownFileType = file.storyboard; name = Base; path = Base.lproj/LaunchScreen.storyboard; sourceTree = "<group>"; };
		1827845C2127A28F00C5A150 /* Info.plist */ = {isa = PBXFileReference; lastKnownFileType = text.plist.xml; path = Info.plist; sourceTree = "<group>"; };
		182784612127A28F00C5A150 /* google?Tests.xctest */ = {isa = PBXFileReference; explicitFileType = wrapper.cfbundle; includeInIndex = 0; path = "google?Tests.xctest"; sourceTree = BUILT_PRODUCTS_DIR; };
		182784652127A28F00C5A150 /* google_Tests.swift */ = {isa = PBXFileReference; lastKnownFileType = sourcecode.swift; path = google_Tests.swift; sourceTree = "<group>"; };
		182784672127A28F00C5A150 /* Info.plist */ = {isa = PBXFileReference; lastKnownFileType = text.plist.xml; path = Info.plist; sourceTree = "<group>"; };
		1827846C2127A28F00C5A150 /* google?UITests.xctest */ = {isa = PBXFileReference; explicitFileType = wrapper.cfbundle; includeInIndex = 0; path = "google?UITests.xctest"; sourceTree = BUILT_PRODUCTS_DIR; };
		182784702127A28F00C5A150 /* google_UITests.swift */ = {isa = PBXFileReference; lastKnownFileType = sourcecode.swift; path = google_UITests.swift; sourceTree = "<group>"; };
		182784722127A28F00C5A150 /* Info.plist */ = {isa = PBXFileReference; lastKnownFileType = text.plist.xml; path = Info.plist; sourceTree = "<group>"; };
		1827847E2127ABE300C5A150 /* TopViewController.swift */ = {isa = PBXFileReference; lastKnownFileType = sourcecode.swift; path = TopViewController.swift; sourceTree = "<group>"; };
		182784802127AC3D00C5A150 /* WebViewController.swift */ = {isa = PBXFileReference; lastKnownFileType = sourcecode.swift; path = WebViewController.swift; sourceTree = "<group>"; };
		182784842127AE6000C5A150 /* searchField.xib */ = {isa = PBXFileReference; lastKnownFileType = file.xib; path = searchField.xib; sourceTree = "<group>"; };
		182784862127AE7700C5A150 /* SearchField.swift */ = {isa = PBXFileReference; lastKnownFileType = sourcecode.swift; path = SearchField.swift; sourceTree = "<group>"; };
		182784CB2127BC7300C5A150 /* Rswift.framework */ = {isa = PBXFileReference; explicitFileType = wrapper.framework; path = Rswift.framework; sourceTree = BUILT_PRODUCTS_DIR; };
		182784D62127C48600C5A150 /* FooterView.xib */ = {isa = PBXFileReference; lastKnownFileType = file.xib; path = FooterView.xib; sourceTree = "<group>"; };
		182784D82127C49400C5A150 /* FooterView.swift */ = {isa = PBXFileReference; lastKnownFileType = sourcecode.swift; path = FooterView.swift; sourceTree = "<group>"; };
		18632DF92127ECA500C71EC0 /* Action 1.png */ = {isa = PBXFileReference; lastKnownFileType = image.png; name = "Action 1.png"; path = "../../../../Creative Cloud Files/Action 1.png"; sourceTree = "<group>"; };
		18632DFA2127ECA500C71EC0 /* Action 3-1@3xのコピー.png */ = {isa = PBXFileReference; lastKnownFileType = image.png; name = "Action 3-1@3xのコピー.png"; path = "../../../../Creative Cloud Files/Action 3-1@3xのコピー.png"; sourceTree = "<group>"; };
		18632DFB2127ECA500C71EC0 /* forwardchevron.png */ = {isa = PBXFileReference; lastKnownFileType = image.png; name = forwardchevron.png; path = "../../../../Creative Cloud Files/forwardchevron.png"; sourceTree = "<group>"; };
		18632DFC2127ECA500C71EC0 /* backchevron.png */ = {isa = PBXFileReference; lastKnownFileType = image.png; name = backchevron.png; path = "../../../../Creative Cloud Files/backchevron.png"; sourceTree = "<group>"; };
		18632E012127EF3800C71EC0 /* google?.png */ = {isa = PBXFileReference; lastKnownFileType = image.png; name = "google?.png"; path = "../../../../Pictures/google?.png"; sourceTree = "<group>"; };
		18632E032127EFEE00C71EC0 /* a3.png */ = {isa = PBXFileReference; lastKnownFileType = image.png; name = a3.png; path = "../../../../Creative Cloud Files/a3.png"; sourceTree = "<group>"; };
		18632E052127F0EE00C71EC0 /* Right Accessory.png */ = {isa = PBXFileReference; lastKnownFileType = image.png; name = "Right Accessory.png"; path = "../../../../Creative Cloud Files/iOS 12 Adobe XD/UI Elements + Design Templates + Guides/Right Accessory.png"; sourceTree = "<group>"; };
		18632E072127F1C800C71EC0 /* icon-navigation-search-grey.png */ = {isa = PBXFileReference; lastKnownFileType = image.png; name = "icon-navigation-search-grey.png"; path = "../../../../Downloads/FireShot/icon-navigation-search-grey.png"; sourceTree = "<group>"; };
		460D9859731B7D09DFE95BB0 /* Pods-google?.release.xcconfig */ = {isa = PBXFileReference; includeInIndex = 1; lastKnownFileType = text.xcconfig; name = "Pods-google?.release.xcconfig"; path = "Pods/Target Support Files/Pods-google?/Pods-google?.release.xcconfig"; sourceTree = "<group>"; };
		750FD8D1CEDDBB06BD93B7BA /* Pods-google?Tests.debug.xcconfig */ = {isa = PBXFileReference; includeInIndex = 1; lastKnownFileType = text.xcconfig; name = "Pods-google?Tests.debug.xcconfig"; path = "Pods/Target Support Files/Pods-google?Tests/Pods-google?Tests.debug.xcconfig"; sourceTree = "<group>"; };
		7C1220A312084CE4B528DDA6 /* Pods_google_.framework */ = {isa = PBXFileReference; explicitFileType = wrapper.framework; includeInIndex = 0; path = Pods_google_.framework; sourceTree = BUILT_PRODUCTS_DIR; };
		7C86837EA693D28C25D54798 /* Pods-google?UITests.debug.xcconfig */ = {isa = PBXFileReference; includeInIndex = 1; lastKnownFileType = text.xcconfig; name = "Pods-google?UITests.debug.xcconfig"; path = "Pods/Target Support Files/Pods-google?UITests/Pods-google?UITests.debug.xcconfig"; sourceTree = "<group>"; };
		87E8F38E7CB331EB772E4F96 /* Pods_google_UITests.framework */ = {isa = PBXFileReference; explicitFileType = wrapper.framework; includeInIndex = 0; path = Pods_google_UITests.framework; sourceTree = BUILT_PRODUCTS_DIR; };
		D862D1D52623A92FEFF7A6CE /* Pods_google_Tests.framework */ = {isa = PBXFileReference; explicitFileType = wrapper.framework; includeInIndex = 0; path = Pods_google_Tests.framework; sourceTree = BUILT_PRODUCTS_DIR; };
		E4D819F8887170F8B5256CD6 /* Pods-google?.debug.xcconfig */ = {isa = PBXFileReference; includeInIndex = 1; lastKnownFileType = text.xcconfig; name = "Pods-google?.debug.xcconfig"; path = "Pods/Target Support Files/Pods-google?/Pods-google?.debug.xcconfig"; sourceTree = "<group>"; };
		EE97B99FFCD28D95AA48B597 /* Pods-google?Tests.release.xcconfig */ = {isa = PBXFileReference; includeInIndex = 1; lastKnownFileType = text.xcconfig; name = "Pods-google?Tests.release.xcconfig"; path = "Pods/Target Support Files/Pods-google?Tests/Pods-google?Tests.release.xcconfig"; sourceTree = "<group>"; };
/* End PBXFileReference section */

/* Begin PBXFrameworksBuildPhase section */
		1827844A2127A28C00C5A150 /* Frameworks */ = {
			isa = PBXFrameworksBuildPhase;
			buildActionMask = 2147483647;
			files = (
				D2C39192A83A28E95469D239 /* Pods_google_.framework in Frameworks */,
			);
			runOnlyForDeploymentPostprocessing = 0;
		};
		1827845E2127A28F00C5A150 /* Frameworks */ = {
			isa = PBXFrameworksBuildPhase;
			buildActionMask = 2147483647;
			files = (
				76C5952711ECE793BD194113 /* Pods_google_Tests.framework in Frameworks */,
			);
			runOnlyForDeploymentPostprocessing = 0;
		};
		182784692127A28F00C5A150 /* Frameworks */ = {
			isa = PBXFrameworksBuildPhase;
			buildActionMask = 2147483647;
			files = (
				4B0C0E6E9B1EAD3ECB646797 /* Pods_google_UITests.framework in Frameworks */,
			);
			runOnlyForDeploymentPostprocessing = 0;
		};
/* End PBXFrameworksBuildPhase section */

/* Begin PBXGroup section */
		182784442127A28C00C5A150 = {
			isa = PBXGroup;
			children = (
				1827844F2127A28C00C5A150 /* google? */,
				182784642127A28F00C5A150 /* google?Tests */,
				1827846F2127A28F00C5A150 /* google?UITests */,
				1827844E2127A28C00C5A150 /* Products */,
				1E957BD2C15F18E230268177 /* Pods */,
				701407FD0C912BA405E8E800 /* Frameworks */,
			);
			sourceTree = "<group>";
		};
		1827844E2127A28C00C5A150 /* Products */ = {
			isa = PBXGroup;
			children = (
				1827844D2127A28C00C5A150 /* google?.app */,
				182784612127A28F00C5A150 /* google?Tests.xctest */,
				1827846C2127A28F00C5A150 /* google?UITests.xctest */,
			);
			name = Products;
			sourceTree = "<group>";
		};
		1827844F2127A28C00C5A150 /* google? */ = {
			isa = PBXGroup;
			children = (
				18632DF82127EC7500C71EC0 /* Images */,
				182784832127AE2600C5A150 /* ViewController */,
				182784822127AE0900C5A150 /* Component */,
				182784502127A28C00C5A150 /* AppDelegate.swift */,
				182784542127A28C00C5A150 /* Main.storyboard */,
				182784572127A28E00C5A150 /* Assets.xcassets */,
				182784592127A28E00C5A150 /* LaunchScreen.storyboard */,
				1827845C2127A28F00C5A150 /* Info.plist */,
			);
			path = "google?";
			sourceTree = "<group>";
		};
		182784642127A28F00C5A150 /* google?Tests */ = {
			isa = PBXGroup;
			children = (
				182784652127A28F00C5A150 /* google_Tests.swift */,
				182784672127A28F00C5A150 /* Info.plist */,
			);
			path = "google?Tests";
			sourceTree = "<group>";
		};
		1827846F2127A28F00C5A150 /* google?UITests */ = {
			isa = PBXGroup;
			children = (
				182784702127A28F00C5A150 /* google_UITests.swift */,
				182784722127A28F00C5A150 /* Info.plist */,
			);
			path = "google?UITests";
			sourceTree = "<group>";
		};
		182784822127AE0900C5A150 /* Component */ = {
			isa = PBXGroup;
			children = (
				182784842127AE6000C5A150 /* searchField.xib */,
				182784862127AE7700C5A150 /* SearchField.swift */,
				182784D62127C48600C5A150 /* FooterView.xib */,
				182784D82127C49400C5A150 /* FooterView.swift */,
			);
			path = Component;
			sourceTree = "<group>";
		};
		182784832127AE2600C5A150 /* ViewController */ = {
			isa = PBXGroup;
			children = (
				182784802127AC3D00C5A150 /* WebViewController.swift */,
				1827847E2127ABE300C5A150 /* TopViewController.swift */,
			);
			path = ViewController;
			sourceTree = "<group>";
		};
		18632DF82127EC7500C71EC0 /* Images */ = {
			isa = PBXGroup;
			children = (
				18632E072127F1C800C71EC0 /* icon-navigation-search-grey.png */,
				18632E052127F0EE00C71EC0 /* Right Accessory.png */,
				18632E032127EFEE00C71EC0 /* a3.png */,
				18632E012127EF3800C71EC0 /* google?.png */,
				18632DF92127ECA500C71EC0 /* Action 1.png */,
				18632DFA2127ECA500C71EC0 /* Action 3-1@3xのコピー.png */,
				18632DFC2127ECA500C71EC0 /* backchevron.png */,
				18632DFB2127ECA500C71EC0 /* forwardchevron.png */,
			);
			path = Images;
			sourceTree = "<group>";
		};
		1E957BD2C15F18E230268177 /* Pods */ = {
			isa = PBXGroup;
			children = (
				E4D819F8887170F8B5256CD6 /* Pods-google?.debug.xcconfig */,
				460D9859731B7D09DFE95BB0 /* Pods-google?.release.xcconfig */,
				750FD8D1CEDDBB06BD93B7BA /* Pods-google?Tests.debug.xcconfig */,
				EE97B99FFCD28D95AA48B597 /* Pods-google?Tests.release.xcconfig */,
				7C86837EA693D28C25D54798 /* Pods-google?UITests.debug.xcconfig */,
				08C3C9D937B4653B0A80640B /* Pods-google?UITests.release.xcconfig */,
			);
			name = Pods;
			sourceTree = "<group>";
		};
		701407FD0C912BA405E8E800 /* Frameworks */ = {
			isa = PBXGroup;
			children = (
				182784CB2127BC7300C5A150 /* Rswift.framework */,
				7C1220A312084CE4B528DDA6 /* Pods_google_.framework */,
				D862D1D52623A92FEFF7A6CE /* Pods_google_Tests.framework */,
				87E8F38E7CB331EB772E4F96 /* Pods_google_UITests.framework */,
			);
			name = Frameworks;
			sourceTree = "<group>";
		};
/* End PBXGroup section */

/* Begin PBXNativeTarget section */
		1827844C2127A28C00C5A150 /* google? */ = {
			isa = PBXNativeTarget;
			buildConfigurationList = 182784752127A28F00C5A150 /* Build configuration list for PBXNativeTarget "google?" */;
			buildPhases = (
				8F3C3A950DA7E7154E179D03 /* [CP] Check Pods Manifest.lock */,
				1827848A2127B56200C5A150 /* ShellScript */,
				182784492127A28C00C5A150 /* Sources */,
				1827844A2127A28C00C5A150 /* Frameworks */,
				1827844B2127A28C00C5A150 /* Resources */,
				8BA4AF18DF6AC9AACEC090BB /* [CP] Embed Pods Frameworks */,
				1564F02E6E1C0D00B1DA18B0 /* [CP] Copy Pods Resources */,
				182784D32127BC8300C5A150 /* Embed Frameworks */,
			);
			buildRules = (
			);
			dependencies = (
			);
			name = "google?";
			productName = "google?";
			productReference = 1827844D2127A28C00C5A150 /* google?.app */;
			productType = "com.apple.product-type.application";
		};
		182784602127A28F00C5A150 /* google?Tests */ = {
			isa = PBXNativeTarget;
			buildConfigurationList = 182784782127A28F00C5A150 /* Build configuration list for PBXNativeTarget "google?Tests" */;
			buildPhases = (
				2611D5ACCB8CADCAF72C9424 /* [CP] Check Pods Manifest.lock */,
				1827845D2127A28F00C5A150 /* Sources */,
				1827845E2127A28F00C5A150 /* Frameworks */,
				1827845F2127A28F00C5A150 /* Resources */,
				44C1889DEA6AC532EC5F31CC /* [CP] Embed Pods Frameworks */,
				9489F50F41CC9DB0862E5F65 /* [CP] Copy Pods Resources */,
			);
			buildRules = (
			);
			dependencies = (
				182784632127A28F00C5A150 /* PBXTargetDependency */,
			);
			name = "google?Tests";
			productName = "google?Tests";
			productReference = 182784612127A28F00C5A150 /* google?Tests.xctest */;
			productType = "com.apple.product-type.bundle.unit-test";
		};
		1827846B2127A28F00C5A150 /* google?UITests */ = {
			isa = PBXNativeTarget;
			buildConfigurationList = 1827847B2127A28F00C5A150 /* Build configuration list for PBXNativeTarget "google?UITests" */;
			buildPhases = (
				8FEFB9FB78B9D451E27EAF1F /* [CP] Check Pods Manifest.lock */,
				182784682127A28F00C5A150 /* Sources */,
				182784692127A28F00C5A150 /* Frameworks */,
				1827846A2127A28F00C5A150 /* Resources */,
				3B07CE3DFE31B315F43FBCA4 /* [CP] Embed Pods Frameworks */,
				A686BD62A38853D0049E9092 /* [CP] Copy Pods Resources */,
			);
			buildRules = (
			);
			dependencies = (
				1827846E2127A28F00C5A150 /* PBXTargetDependency */,
			);
			name = "google?UITests";
			productName = "google?UITests";
			productReference = 1827846C2127A28F00C5A150 /* google?UITests.xctest */;
			productType = "com.apple.product-type.bundle.ui-testing";
		};
/* End PBXNativeTarget section */

/* Begin PBXProject section */
		182784452127A28C00C5A150 /* Project object */ = {
			isa = PBXProject;
			attributes = {
				LastSwiftUpdateCheck = 0940;
				LastUpgradeCheck = 0940;
				ORGANIZATIONNAME = Apple;
				TargetAttributes = {
					1827844C2127A28C00C5A150 = {
						CreatedOnToolsVersion = 9.4.1;
					};
					182784602127A28F00C5A150 = {
						CreatedOnToolsVersion = 9.4.1;
						TestTargetID = 1827844C2127A28C00C5A150;
					};
					1827846B2127A28F00C5A150 = {
						CreatedOnToolsVersion = 9.4.1;
						TestTargetID = 1827844C2127A28C00C5A150;
					};
				};
			};
			buildConfigurationList = 182784482127A28C00C5A150 /* Build configuration list for PBXProject "google?" */;
			compatibilityVersion = "Xcode 9.3";
			developmentRegion = en;
			hasScannedForEncodings = 0;
			knownRegions = (
				en,
				Base,
			);
			mainGroup = 182784442127A28C00C5A150;
			productRefGroup = 1827844E2127A28C00C5A150 /* Products */;
			projectDirPath = "";
			projectRoot = "";
			targets = (
				1827844C2127A28C00C5A150 /* google? */,
				182784602127A28F00C5A150 /* google?Tests */,
				1827846B2127A28F00C5A150 /* google?UITests */,
			);
		};
/* End PBXProject section */

/* Begin PBXResourcesBuildPhase section */
		1827844B2127A28C00C5A150 /* Resources */ = {
			isa = PBXResourcesBuildPhase;
			buildActionMask = 2147483647;
			files = (
				18632E062127F0EF00C71EC0 /* Right Accessory.png in Resources */,
				18632E022127EF3800C71EC0 /* google?.png in Resources */,
				18632E042127EFEE00C71EC0 /* a3.png in Resources */,
				1827845B2127A28E00C5A150 /* LaunchScreen.storyboard in Resources */,
				182784582127A28E00C5A150 /* Assets.xcassets in Resources */,
				18632DFD2127ECA500C71EC0 /* Action 1.png in Resources */,
				18632E002127ECA500C71EC0 /* backchevron.png in Resources */,
				182784852127AE6000C5A150 /* searchField.xib in Resources */,
				18632DFE2127ECA500C71EC0 /* Action 3-1@3xのコピー.png in Resources */,
				18632DFF2127ECA500C71EC0 /* forwardchevron.png in Resources */,
				182784D72127C48600C5A150 /* FooterView.xib in Resources */,
				182784562127A28C00C5A150 /* Main.storyboard in Resources */,
				18632E082127F1C800C71EC0 /* icon-navigation-search-grey.png in Resources */,
			);
			runOnlyForDeploymentPostprocessing = 0;
		};
		1827845F2127A28F00C5A150 /* Resources */ = {
			isa = PBXResourcesBuildPhase;
			buildActionMask = 2147483647;
			files = (
			);
			runOnlyForDeploymentPostprocessing = 0;
		};
		1827846A2127A28F00C5A150 /* Resources */ = {
			isa = PBXResourcesBuildPhase;
			buildActionMask = 2147483647;
			files = (
			);
			runOnlyForDeploymentPostprocessing = 0;
		};
/* End PBXResourcesBuildPhase section */

/* Begin PBXShellScriptBuildPhase section */
		1564F02E6E1C0D00B1DA18B0 /* [CP] Copy Pods Resources */ = {
			isa = PBXShellScriptBuildPhase;
			buildActionMask = 2147483647;
			files = (
			);
			inputPaths = (
			);
			name = "[CP] Copy Pods Resources";
			outputPaths = (
			);
			runOnlyForDeploymentPostprocessing = 0;
			shellPath = /bin/sh;
			shellScript = "\"${SRCROOT}/Pods/Target Support Files/Pods-google?/Pods-google?-resources.sh\"\n";
			showEnvVarsInLog = 0;
		};
		1827848A2127B56200C5A150 /* ShellScript */ = {
			isa = PBXShellScriptBuildPhase;
			buildActionMask = 2147483647;
			files = (
			);
			inputPaths = (
			);
			outputPaths = (
			);
			runOnlyForDeploymentPostprocessing = 0;
			shellPath = /bin/sh;
			shellScript = "
";
		};
		2611D5ACCB8CADCAF72C9424 /* [CP] Check Pods Manifest.lock */ = {
			isa = PBXShellScriptBuildPhase;
			buildActionMask = 2147483647;
			files = (
			);
			inputPaths = (
				"${PODS_PODFILE_DIR_PATH}/Podfile.lock",
				"${PODS_ROOT}/Manifest.lock",
			);
			name = "[CP] Check Pods Manifest.lock";
			outputPaths = (
				"$(DERIVED_FILE_DIR)/Pods-google?Tests-checkManifestLockResult.txt",
			);
			runOnlyForDeploymentPostprocessing = 0;
			shellPath = /bin/sh;
			shellScript = "diff \"${PODS_PODFILE_DIR_PATH}/Podfile.lock\" \"${PODS_ROOT}/Manifest.lock\" > /dev/null\nif [ $? != 0 ] ; then\n    # print error to STDERR\n    echo \"error: The sandbox is not in sync with the Podfile.lock. Run 'pod install' or update your CocoaPods installation.\" >&2\n    exit 1\nfi\n# This output is used by Xcode 'outputs' to avoid re-running this script phase.\necho \"SUCCESS\" > \"${SCRIPT_OUTPUT_FILE_0}\"\n";
			showEnvVarsInLog = 0;
		};
		3B07CE3DFE31B315F43FBCA4 /* [CP] Embed Pods Frameworks */ = {
			isa = PBXShellScriptBuildPhase;
			buildActionMask = 2147483647;
			files = (
			);
			inputPaths = (
			);
			name = "[CP] Embed Pods Frameworks";
			outputPaths = (
			);
			runOnlyForDeploymentPostprocessing = 0;
			shellPath = /bin/sh;
			shellScript = "\"${SRCROOT}/Pods/Target Support Files/Pods-google?UITests/Pods-google?UITests-frameworks.sh\"\n";
			showEnvVarsInLog = 0;
		};
		44C1889DEA6AC532EC5F31CC /* [CP] Embed Pods Frameworks */ = {
			isa = PBXShellScriptBuildPhase;
			buildActionMask = 2147483647;
			files = (
			);
			inputPaths = (
			);
			name = "[CP] Embed Pods Frameworks";
			outputPaths = (
			);
			runOnlyForDeploymentPostprocessing = 0;
			shellPath = /bin/sh;
			shellScript = "\"${SRCROOT}/Pods/Target Support Files/Pods-google?Tests/Pods-google?Tests-frameworks.sh\"\n";
			showEnvVarsInLog = 0;
		};
		8BA4AF18DF6AC9AACEC090BB /* [CP] Embed Pods Frameworks */ = {
			isa = PBXShellScriptBuildPhase;
			buildActionMask = 2147483647;
			files = (
			);
			inputPaths = (
				"${SRCROOT}/Pods/Target Support Files/Pods-google?/Pods-google?-frameworks.sh",
				"${BUILT_PRODUCTS_DIR}/Alamofire/Alamofire.framework",
				"${BUILT_PRODUCTS_DIR}/Eureka/Eureka.framework",
				"${BUILT_PRODUCTS_DIR}/GCDWebServer/GCDWebServer.framework",
				"${BUILT_PRODUCTS_DIR}/RxCocoa/RxCocoa.framework",
				"${BUILT_PRODUCTS_DIR}/RxSwift/RxSwift.framework",
				"${BUILT_PRODUCTS_DIR}/SwiftDate/SwiftDate.framework",
				"${BUILT_PRODUCTS_DIR}/SwiftyJSON/SwiftyJSON.framework",
				"${BUILT_PRODUCTS_DIR}/Toaster/Toaster.framework",
			);
			name = "[CP] Embed Pods Frameworks";
			outputPaths = (
				"${TARGET_BUILD_DIR}/${FRAMEWORKS_FOLDER_PATH}/Alamofire.framework",
				"${TARGET_BUILD_DIR}/${FRAMEWORKS_FOLDER_PATH}/Eureka.framework",
				"${TARGET_BUILD_DIR}/${FRAMEWORKS_FOLDER_PATH}/GCDWebServer.framework",
				"${TARGET_BUILD_DIR}/${FRAMEWORKS_FOLDER_PATH}/RxCocoa.framework",
				"${TARGET_BUILD_DIR}/${FRAMEWORKS_FOLDER_PATH}/RxSwift.framework",
				"${TARGET_BUILD_DIR}/${FRAMEWORKS_FOLDER_PATH}/SwiftDate.framework",
				"${TARGET_BUILD_DIR}/${FRAMEWORKS_FOLDER_PATH}/SwiftyJSON.framework",
				"${TARGET_BUILD_DIR}/${FRAMEWORKS_FOLDER_PATH}/Toaster.framework",
			);
			runOnlyForDeploymentPostprocessing = 0;
			shellPath = /bin/sh;
			shellScript = "\"${SRCROOT}/Pods/Target Support Files/Pods-google?/Pods-google?-frameworks.sh\"\n";
			showEnvVarsInLog = 0;
		};
		8F3C3A950DA7E7154E179D03 /* [CP] Check Pods Manifest.lock */ = {
			isa = PBXShellScriptBuildPhase;
			buildActionMask = 2147483647;
			files = (
			);
			inputPaths = (
				"${PODS_PODFILE_DIR_PATH}/Podfile.lock",
				"${PODS_ROOT}/Manifest.lock",
			);
			name = "[CP] Check Pods Manifest.lock";
			outputPaths = (
				"$(DERIVED_FILE_DIR)/Pods-google?-checkManifestLockResult.txt",
			);
			runOnlyForDeploymentPostprocessing = 0;
			shellPath = /bin/sh;
			shellScript = "diff \"${PODS_PODFILE_DIR_PATH}/Podfile.lock\" \"${PODS_ROOT}/Manifest.lock\" > /dev/null\nif [ $? != 0 ] ; then\n    # print error to STDERR\n    echo \"error: The sandbox is not in sync with the Podfile.lock. Run 'pod install' or update your CocoaPods installation.\" >&2\n    exit 1\nfi\n# This output is used by Xcode 'outputs' to avoid re-running this script phase.\necho \"SUCCESS\" > \"${SCRIPT_OUTPUT_FILE_0}\"\n";
			showEnvVarsInLog = 0;
		};
		8FEFB9FB78B9D451E27EAF1F /* [CP] Check Pods Manifest.lock */ = {
			isa = PBXShellScriptBuildPhase;
			buildActionMask = 2147483647;
			files = (
			);
			inputPaths = (
				"${PODS_PODFILE_DIR_PATH}/Podfile.lock",
				"${PODS_ROOT}/Manifest.lock",
			);
			name = "[CP] Check Pods Manifest.lock";
			outputPaths = (
				"$(DERIVED_FILE_DIR)/Pods-google?UITests-checkManifestLockResult.txt",
			);
			runOnlyForDeploymentPostprocessing = 0;
			shellPath = /bin/sh;
			shellScript = "diff \"${PODS_PODFILE_DIR_PATH}/Podfile.lock\" \"${PODS_ROOT}/Manifest.lock\" > /dev/null\nif [ $? != 0 ] ; then\n    # print error to STDERR\n    echo \"error: The sandbox is not in sync with the Podfile.lock. Run 'pod install' or update your CocoaPods installation.\" >&2\n    exit 1\nfi\n# This output is used by Xcode 'outputs' to avoid re-running this script phase.\necho \"SUCCESS\" > \"${SCRIPT_OUTPUT_FILE_0}\"\n";
			showEnvVarsInLog = 0;
		};
		9489F50F41CC9DB0862E5F65 /* [CP] Copy Pods Resources */ = {
			isa = PBXShellScriptBuildPhase;
			buildActionMask = 2147483647;
			files = (
			);
			inputPaths = (
			);
			name = "[CP] Copy Pods Resources";
			outputPaths = (
			);
			runOnlyForDeploymentPostprocessing = 0;
			shellPath = /bin/sh;
			shellScript = "\"${SRCROOT}/Pods/Target Support Files/Pods-google?Tests/Pods-google?Tests-resources.sh\"\n";
			showEnvVarsInLog = 0;
		};
		A686BD62A38853D0049E9092 /* [CP] Copy Pods Resources */ = {
			isa = PBXShellScriptBuildPhase;
			buildActionMask = 2147483647;
			files = (
			);
			inputPaths = (
			);
			name = "[CP] Copy Pods Resources";
			outputPaths = (
			);
			runOnlyForDeploymentPostprocessing = 0;
			shellPath = /bin/sh;
			shellScript = "\"${SRCROOT}/Pods/Target Support Files/Pods-google?UITests/Pods-google?UITests-resources.sh\"\n";
			showEnvVarsInLog = 0;
		};
/* End PBXShellScriptBuildPhase section */

/* Begin PBXSourcesBuildPhase section */
		182784492127A28C00C5A150 /* Sources */ = {
			isa = PBXSourcesBuildPhase;
			buildActionMask = 2147483647;
			files = (
				1827847F2127ABE300C5A150 /* TopViewController.swift in Sources */,
				182784812127AC3D00C5A150 /* WebViewController.swift in Sources */,
				182784D92127C49500C5A150 /* FooterView.swift in Sources */,
				182784872127AE7700C5A150 /* SearchField.swift in Sources */,
				182784512127A28C00C5A150 /* AppDelegate.swift in Sources */,
			);
			runOnlyForDeploymentPostprocessing = 0;
		};
		1827845D2127A28F00C5A150 /* Sources */ = {
			isa = PBXSourcesBuildPhase;
			buildActionMask = 2147483647;
			files = (
				182784662127A28F00C5A150 /* google_Tests.swift in Sources */,
			);
			runOnlyForDeploymentPostprocessing = 0;
		};
		182784682127A28F00C5A150 /* Sources */ = {
			isa = PBXSourcesBuildPhase;
			buildActionMask = 2147483647;
			files = (
				182784712127A28F00C5A150 /* google_UITests.swift in Sources */,
			);
			runOnlyForDeploymentPostprocessing = 0;
		};
/* End PBXSourcesBuildPhase section */

/* Begin PBXTargetDependency section */
		182784632127A28F00C5A150 /* PBXTargetDependency */ = {
			isa = PBXTargetDependency;
			target = 1827844C2127A28C00C5A150 /* google? */;
			targetProxy = 182784622127A28F00C5A150 /* PBXContainerItemProxy */;
		};
		1827846E2127A28F00C5A150 /* PBXTargetDependency */ = {
			isa = PBXTargetDependency;
			target = 1827844C2127A28C00C5A150 /* google? */;
			targetProxy = 1827846D2127A28F00C5A150 /* PBXContainerItemProxy */;
		};
/* End PBXTargetDependency section */

/* Begin PBXVariantGroup section */
		182784542127A28C00C5A150 /* Main.storyboard */ = {
			isa = PBXVariantGroup;
			children = (
				182784552127A28C00C5A150 /* Base */,
			);
			name = Main.storyboard;
			sourceTree = "<group>";
		};
		182784592127A28E00C5A150 /* LaunchScreen.storyboard */ = {
			isa = PBXVariantGroup;
			children = (
				1827845A2127A28E00C5A150 /* Base */,
			);
			name = LaunchScreen.storyboard;
			sourceTree = "<group>";
		};
/* End PBXVariantGroup section */

/* Begin XCBuildConfiguration section */
		182784732127A28F00C5A150 /* Debug */ = {
			isa = XCBuildConfiguration;
			buildSettings = {
				ALWAYS_SEARCH_USER_PATHS = NO;
				CLANG_ANALYZER_NONNULL = YES;
				CLANG_ANALYZER_NUMBER_OBJECT_CONVERSION = YES_AGGRESSIVE;
				CLANG_CXX_LANGUAGE_STANDARD = "gnu++14";
				CLANG_CXX_LIBRARY = "libc++";
				CLANG_ENABLE_MODULES = YES;
				CLANG_ENABLE_OBJC_ARC = YES;
				CLANG_ENABLE_OBJC_WEAK = YES;
				CLANG_WARN_BLOCK_CAPTURE_AUTORELEASING = YES;
				CLANG_WARN_BOOL_CONVERSION = YES;
				CLANG_WARN_COMMA = YES;
				CLANG_WARN_CONSTANT_CONVERSION = YES;
				CLANG_WARN_DEPRECATED_OBJC_IMPLEMENTATIONS = YES;
				CLANG_WARN_DIRECT_OBJC_ISA_USAGE = YES_ERROR;
				CLANG_WARN_DOCUMENTATION_COMMENTS = YES;
				CLANG_WARN_EMPTY_BODY = YES;
				CLANG_WARN_ENUM_CONVERSION = YES;
				CLANG_WARN_INFINITE_RECURSION = YES;
				CLANG_WARN_INT_CONVERSION = YES;
				CLANG_WARN_NON_LITERAL_NULL_CONVERSION = YES;
				CLANG_WARN_OBJC_IMPLICIT_RETAIN_SELF = YES;
				CLANG_WARN_OBJC_LITERAL_CONVERSION = YES;
				CLANG_WARN_OBJC_ROOT_CLASS = YES_ERROR;
				CLANG_WARN_RANGE_LOOP_ANALYSIS = YES;
				CLANG_WARN_STRICT_PROTOTYPES = YES;
				CLANG_WARN_SUSPICIOUS_MOVE = YES;
				CLANG_WARN_UNGUARDED_AVAILABILITY = YES_AGGRESSIVE;
				CLANG_WARN_UNREACHABLE_CODE = YES;
				CLANG_WARN__DUPLICATE_METHOD_MATCH = YES;
				CODE_SIGN_IDENTITY = "iPhone Developer";
				COPY_PHASE_STRIP = NO;
				DEBUG_INFORMATION_FORMAT = dwarf;
				ENABLE_STRICT_OBJC_MSGSEND = YES;
				ENABLE_TESTABILITY = YES;
				GCC_C_LANGUAGE_STANDARD = gnu11;
				GCC_DYNAMIC_NO_PIC = NO;
				GCC_NO_COMMON_BLOCKS = YES;
				GCC_OPTIMIZATION_LEVEL = 0;
				GCC_PREPROCESSOR_DEFINITIONS = (
					"DEBUG=1",
					"$(inherited)",
				);
				GCC_WARN_64_TO_32_BIT_CONVERSION = YES;
				GCC_WARN_ABOUT_RETURN_TYPE = YES_ERROR;
				GCC_WARN_UNDECLARED_SELECTOR = YES;
				GCC_WARN_UNINITIALIZED_AUTOS = YES_AGGRESSIVE;
				GCC_WARN_UNUSED_FUNCTION = YES;
				GCC_WARN_UNUSED_VARIABLE = YES;
				IPHONEOS_DEPLOYMENT_TARGET = 11.4;
				MTL_ENABLE_DEBUG_INFO = YES;
				ONLY_ACTIVE_ARCH = YES;
				SDKROOT = iphoneos;
				SWIFT_ACTIVE_COMPILATION_CONDITIONS = DEBUG;
				SWIFT_OPTIMIZATION_LEVEL = "-Onone";
			};
			name = Debug;
		};
		182784742127A28F00C5A150 /* Release */ = {
			isa = XCBuildConfiguration;
			buildSettings = {
				ALWAYS_SEARCH_USER_PATHS = NO;
				CLANG_ANALYZER_NONNULL = YES;
				CLANG_ANALYZER_NUMBER_OBJECT_CONVERSION = YES_AGGRESSIVE;
				CLANG_CXX_LANGUAGE_STANDARD = "gnu++14";
				CLANG_CXX_LIBRARY = "libc++";
				CLANG_ENABLE_MODULES = YES;
				CLANG_ENABLE_OBJC_ARC = YES;
				CLANG_ENABLE_OBJC_WEAK = YES;
				CLANG_WARN_BLOCK_CAPTURE_AUTORELEASING = YES;
				CLANG_WARN_BOOL_CONVERSION = YES;
				CLANG_WARN_COMMA = YES;
				CLANG_WARN_CONSTANT_CONVERSION = YES;
				CLANG_WARN_DEPRECATED_OBJC_IMPLEMENTATIONS = YES;
				CLANG_WARN_DIRECT_OBJC_ISA_USAGE = YES_ERROR;
				CLANG_WARN_DOCUMENTATION_COMMENTS = YES;
				CLANG_WARN_EMPTY_BODY = YES;
				CLANG_WARN_ENUM_CONVERSION = YES;
				CLANG_WARN_INFINITE_RECURSION = YES;
				CLANG_WARN_INT_CONVERSION = YES;
				CLANG_WARN_NON_LITERAL_NULL_CONVERSION = YES;
				CLANG_WARN_OBJC_IMPLICIT_RETAIN_SELF = YES;
				CLANG_WARN_OBJC_LITERAL_CONVERSION = YES;
				CLANG_WARN_OBJC_ROOT_CLASS = YES_ERROR;
				CLANG_WARN_RANGE_LOOP_ANALYSIS = YES;
				CLANG_WARN_STRICT_PROTOTYPES = YES;
				CLANG_WARN_SUSPICIOUS_MOVE = YES;
				CLANG_WARN_UNGUARDED_AVAILABILITY = YES_AGGRESSIVE;
				CLANG_WARN_UNREACHABLE_CODE = YES;
				CLANG_WARN__DUPLICATE_METHOD_MATCH = YES;
				CODE_SIGN_IDENTITY = "iPhone Developer";
				COPY_PHASE_STRIP = NO;
				DEBUG_INFORMATION_FORMAT = "dwarf-with-dsym";
				ENABLE_NS_ASSERTIONS = NO;
				ENABLE_STRICT_OBJC_MSGSEND = YES;
				GCC_C_LANGUAGE_STANDARD = gnu11;
				GCC_NO_COMMON_BLOCKS = YES;
				GCC_WARN_64_TO_32_BIT_CONVERSION = YES;
				GCC_WARN_ABOUT_RETURN_TYPE = YES_ERROR;
				GCC_WARN_UNDECLARED_SELECTOR = YES;
				GCC_WARN_UNINITIALIZED_AUTOS = YES_AGGRESSIVE;
				GCC_WARN_UNUSED_FUNCTION = YES;
				GCC_WARN_UNUSED_VARIABLE = YES;
				IPHONEOS_DEPLOYMENT_TARGET = 11.4;
				MTL_ENABLE_DEBUG_INFO = NO;
				SDKROOT = iphoneos;
				SWIFT_COMPILATION_MODE = wholemodule;
				SWIFT_OPTIMIZATION_LEVEL = "-O";
				VALIDATE_PRODUCT = YES;
			};
			name = Release;
		};
		182784762127A28F00C5A150 /* Debug */ = {
			isa = XCBuildConfiguration;
			baseConfigurationReference = E4D819F8887170F8B5256CD6 /* Pods-google?.debug.xcconfig */;
			buildSettings = {
				ALWAYS_EMBED_SWIFT_STANDARD_LIBRARIES = YES;
				ASSETCATALOG_COMPILER_APPICON_NAME = AppIcon;
				CODE_SIGN_STYLE = Automatic;
				DEVELOPMENT_TEAM = T8PBK2LRFA;
				INFOPLIST_FILE = "google?/Info.plist";
				LD_RUNPATH_SEARCH_PATHS = (
					"$(inherited)",
					"@executable_path/Frameworks",
				);
				PRODUCT_BUNDLE_IDENTIFIER = "a31244.google-";
				PRODUCT_NAME = "$(TARGET_NAME)";
				SWIFT_VERSION = 4.0;
				TARGETED_DEVICE_FAMILY = "1,2";
			};
			name = Debug;
		};
		182784772127A28F00C5A150 /* Release */ = {
			isa = XCBuildConfiguration;
			baseConfigurationReference = 460D9859731B7D09DFE95BB0 /* Pods-google?.release.xcconfig */;
			buildSettings = {
				ALWAYS_EMBED_SWIFT_STANDARD_LIBRARIES = YES;
				ASSETCATALOG_COMPILER_APPICON_NAME = AppIcon;
				CODE_SIGN_STYLE = Automatic;
				DEVELOPMENT_TEAM = T8PBK2LRFA;
				INFOPLIST_FILE = "google?/Info.plist";
				LD_RUNPATH_SEARCH_PATHS = (
					"$(inherited)",
					"@executable_path/Frameworks",
				);
				PRODUCT_BUNDLE_IDENTIFIER = "a31244.google-";
				PRODUCT_NAME = "$(TARGET_NAME)";
				SWIFT_VERSION = 4.0;
				TARGETED_DEVICE_FAMILY = "1,2";
			};
			name = Release;
		};
		182784792127A28F00C5A150 /* Debug */ = {
			isa = XCBuildConfiguration;
			baseConfigurationReference = 750FD8D1CEDDBB06BD93B7BA /* Pods-google?Tests.debug.xcconfig */;
			buildSettings = {
				ALWAYS_EMBED_SWIFT_STANDARD_LIBRARIES = YES;
				BUNDLE_LOADER = "$(TEST_HOST)";
				CODE_SIGN_STYLE = Automatic;
				DEVELOPMENT_TEAM = T8PBK2LRFA;
				INFOPLIST_FILE = "google?Tests/Info.plist";
				LD_RUNPATH_SEARCH_PATHS = (
					"$(inherited)",
					"@executable_path/Frameworks",
					"@loader_path/Frameworks",
				);
				PRODUCT_BUNDLE_IDENTIFIER = "a31244.google-Tests";
				PRODUCT_NAME = "$(TARGET_NAME)";
				SWIFT_VERSION = 4.0;
				TARGETED_DEVICE_FAMILY = "1,2";
				TEST_HOST = "$(BUILT_PRODUCTS_DIR)/google?.app/google?";
			};
			name = Debug;
		};
		1827847A2127A28F00C5A150 /* Release */ = {
			isa = XCBuildConfiguration;
			baseConfigurationReference = EE97B99FFCD28D95AA48B597 /* Pods-google?Tests.release.xcconfig */;
			buildSettings = {
				ALWAYS_EMBED_SWIFT_STANDARD_LIBRARIES = YES;
				BUNDLE_LOADER = "$(TEST_HOST)";
				CODE_SIGN_STYLE = Automatic;
				DEVELOPMENT_TEAM = T8PBK2LRFA;
				INFOPLIST_FILE = "google?Tests/Info.plist";
				LD_RUNPATH_SEARCH_PATHS = (
					"$(inherited)",
					"@executable_path/Frameworks",
					"@loader_path/Frameworks",
				);
				PRODUCT_BUNDLE_IDENTIFIER = "a31244.google-Tests";
				PRODUCT_NAME = "$(TARGET_NAME)";
				SWIFT_VERSION = 4.0;
				TARGETED_DEVICE_FAMILY = "1,2";
				TEST_HOST = "$(BUILT_PRODUCTS_DIR)/google?.app/google?";
			};
			name = Release;
		};
		1827847C2127A28F00C5A150 /* Debug */ = {
			isa = XCBuildConfiguration;
			baseConfigurationReference = 7C86837EA693D28C25D54798 /* Pods-google?UITests.debug.xcconfig */;
			buildSettings = {
				ALWAYS_EMBED_SWIFT_STANDARD_LIBRARIES = YES;
				CODE_SIGN_STYLE = Automatic;
				DEVELOPMENT_TEAM = T8PBK2LRFA;
				INFOPLIST_FILE = "google?UITests/Info.plist";
				LD_RUNPATH_SEARCH_PATHS = (
					"$(inherited)",
					"@executable_path/Frameworks",
					"@loader_path/Frameworks",
				);
				PRODUCT_BUNDLE_IDENTIFIER = "a31244.google-UITests";
				PRODUCT_NAME = "$(TARGET_NAME)";
				SWIFT_VERSION = 4.0;
				TARGETED_DEVICE_FAMILY = "1,2";
				TEST_TARGET_NAME = "google?";
			};
			name = Debug;
		};
		1827847D2127A28F00C5A150 /* Release */ = {
			isa = XCBuildConfiguration;
			baseConfigurationReference = 08C3C9D937B4653B0A80640B /* Pods-google?UITests.release.xcconfig */;
			buildSettings = {
				ALWAYS_EMBED_SWIFT_STANDARD_LIBRARIES = YES;
				CODE_SIGN_STYLE = Automatic;
				DEVELOPMENT_TEAM = T8PBK2LRFA;
				INFOPLIST_FILE = "google?UITests/Info.plist";
				LD_RUNPATH_SEARCH_PATHS = (
					"$(inherited)",
					"@executable_path/Frameworks",
					"@loader_path/Frameworks",
				);
				PRODUCT_BUNDLE_IDENTIFIER = "a31244.google-UITests";
				PRODUCT_NAME = "$(TARGET_NAME)";
				SWIFT_VERSION = 4.0;
				TARGETED_DEVICE_FAMILY = "1,2";
				TEST_TARGET_NAME = "google?";
			};
			name = Release;
		};
/* End XCBuildConfiguration section */

/* Begin XCConfigurationList section */
		182784482127A28C00C5A150 /* Build configuration list for PBXProject "google?" */ = {
			isa = XCConfigurationList;
			buildConfigurations = (
				182784732127A28F00C5A150 /* Debug */,
				182784742127A28F00C5A150 /* Release */,
			);
			defaultConfigurationIsVisible = 0;
			defaultConfigurationName = Release;
		};
		182784752127A28F00C5A150 /* Build configuration list for PBXNativeTarget "google?" */ = {
			isa = XCConfigurationList;
			buildConfigurations = (
				182784762127A28F00C5A150 /* Debug */,
				182784772127A28F00C5A150 /* Release */,
			);
			defaultConfigurationIsVisible = 0;
			defaultConfigurationName = Release;
		};
		182784782127A28F00C5A150 /* Build configuration list for PBXNativeTarget "google?Tests" */ = {
			isa = XCConfigurationList;
			buildConfigurations = (
				182784792127A28F00C5A150 /* Debug */,
				1827847A2127A28F00C5A150 /* Release */,
			);
			defaultConfigurationIsVisible = 0;
			defaultConfigurationName = Release;
		};
		1827847B2127A28F00C5A150 /* Build configuration list for PBXNativeTarget "google?UITests" */ = {
			isa = XCConfigurationList;
			buildConfigurations = (
				1827847C2127A28F00C5A150 /* Debug */,
				1827847D2127A28F00C5A150 /* Release */,
			);
			defaultConfigurationIsVisible = 0;
			defaultConfigurationName = Release;
		};
/* End XCConfigurationList section */
	};
	rootObject = 182784452127A28C00C5A150 /* Project object */;
}
